
Microsoft Visual Studio Solution File, Format Version 12.00
# Visual Studio Version 17
VisualStudioVersion = 17.11.35431.28
MinimumVisualStudioVersion = 10.0.40219.1
Project("{FAE04EC0-301F-11D3-BF4B-00C04F79EFBC}") = "SearXNG.Client.Console", "SearXNG.Client.Console\SearXNG.Client.Console.csproj", "{2BAAFD11-5853-4A1A-892C-AA96F394BF69}"
EndProject
Project("{FAE04EC0-301F-11D3-BF4B-00C04F79EFBC}") = "SearXNG.Client.Library", "SearXNG.Client.Library\SearXNG.Client.Library.csproj", "{D7A93237-EC58-4213-9921-C56C896B9EDB}"
EndProject
Global
	GlobalSection(SolutionConfigurationPlatforms) = preSolution
		Debug|Any CPU = Debug|Any CPU
		Release|Any CPU = Release|Any CPU
	EndGlobalSection
	GlobalSection(ProjectConfigurationPlatforms) = postSolution
		{2BAAFD11-5853-4A1A-892C-AA96F394BF69}.Debug|Any CPU.ActiveCfg = Debug|Any CPU
		{2BAAFD11-5853-4A1A-892C-AA96F394BF69}.Debug|Any CPU.Build.0 = Debug|Any CPU
		{2BAAFD11-5853-4A1A-892C-AA96F394BF69}.Release|Any CPU.ActiveCfg = Release|Any CPU
		{2BAAFD11-5853-4A1A-892C-AA96F394BF69}.Release|Any CPU.Build.0 = Release|Any CPU
		{D7A93237-EC58-4213-9921-C56C896B9EDB}.Debug|Any CPU.ActiveCfg = Debug|Any CPU
		{D7A93237-EC58-4213-9921-C56C896B9EDB}.Debug|Any CPU.Build.0 = Debug|Any CPU
		{D7A93237-EC58-4213-9921-C56C896B9EDB}.Release|Any CPU.ActiveCfg = Release|Any CPU
		{D7A93237-EC58-4213-9921-C56C896B9EDB}.Release|Any CPU.Build.0 = Release|Any CPU
	EndGlobalSection
	GlobalSection(SolutionProperties) = preSolution
		HideSolutionNode = FALSE
	EndGlobalSection
	GlobalSection(ExtensibilityGlobals) = postSolution
		SolutionGuid = {B924E9D1-F9FE-4B2E-A5EB-1E13418DE6D0}
	EndGlobalSection
EndGlobal
